# THIS IS AN AUTOGENERATED FILE. DO NOT EDIT THIS FILE DIRECTLY.
# yarn lockfile v1


"@types/async@^3.2.15":
  version "3.2.15"
  resolved "https://registry.yarnpkg.com/@types/async/-/async-3.2.15.tgz#26d4768fdda0e466f18d6c9918ca28cc89a4e1fe"
  integrity sha512-PAmPfzvFA31mRoqZyTVsgJMsvbynR429UTTxhmfsUCrWGh3/fxOrzqBtaTPJsn4UtzTv4Vb0+/O7CARWb69N4g==

async@^3.2.4:
  version "3.2.4"
  resolved "https://registry.yarnpkg.com/async/-/async-3.2.4.tgz#2d22e00f8cddeb5fde5dd33522b56d1cf569a81c"
  integrity sha512-iAB+JbDEGXhyIUavoDl9WP/Jj106Kz9DEn1DPgYw5ruDn0e3Wgi3sKFm55sASdGBNOQB8F59d9qQ7deqrHA8wQ==

dotenv@^16.0.3:
  version "16.0.3"
  resolved "https://registry.yarnpkg.com/dotenv/-/dotenv-16.0.3.tgz#115aec42bac5053db3c456db30cc243a5a836a07"
  integrity sha512-7GO6HghkA5fYG9TYnNxi14/7K9f5occMlp3zXAuSxn7CKCxt9xbNWG7yF8hTCSUchlfWSe3uLmlPfigevRItzQ==

p-limit@^4.0.0:
  version "4.0.0"
  resolved "https://registry.yarnpkg.com/p-limit/-/p-limit-4.0.0.tgz#914af6544ed32bfa54670b061cafcbd04984b644"
  integrity sha512-5b0R4txpzjPWVw/cXXUResoD4hb6U/x9BH08L7nw+GN1sezDzPdxeRvpc9c433fZhBan/wusjbCsqwqm4EIBIQ==
  dependencies:
    yocto-queue "^1.0.0"

passport-strategy@1.x.x:
  version "1.0.0"
  resolved "https://registry.yarnpkg.com/passport-strategy/-/passport-strategy-1.0.0.tgz#b5539aa8fc225a3d1ad179476ddf236b440f52e4"
  integrity sha512-CB97UUvDKJde2V0KDWWB3lyf6PC3FaZP7YxZ2G8OAtn9p4HI9j9JLP9qjOGZFvyl8uwNT8qM+hGnz/n16NI7oA==

passport@^0.6.0:
  version "0.6.0"
  resolved "https://registry.yarnpkg.com/passport/-/passport-0.6.0.tgz#e869579fab465b5c0b291e841e6cc95c005fac9d"
  integrity sha512-0fe+p3ZnrWRW74fe8+SvCyf4a3Pb2/h7gFkQ8yTJpAO50gDzlfjZUZTO1k5Eg9kUct22OxHLqDZoKUWRHOh9ug==
  dependencies:
    passport-strategy "1.x.x"
    pause "0.0.1"
    utils-merge "^1.0.1"

pause@0.0.1:
  version "0.0.1"
  resolved "https://registry.yarnpkg.com/pause/-/pause-0.0.1.tgz#1d408b3fdb76923b9543d96fb4c9dfd535d9cb5d"
  integrity sha512-KG8UEiEVkR3wGEb4m5yZkVCzigAD+cVEJck2CzYZO37ZGJfctvVptVO192MwrtPhzONn6go8ylnOdMhKqi4nfg==

twitter-api-v2@^1.12.9:
  version "1.12.9"
  resolved "https://registry.yarnpkg.com/twitter-api-v2/-/twitter-api-v2-1.12.9.tgz#447fc4efb693bbb7983a6dcec2de5da7e0f27648"
  integrity sha512-nmKwcUiXgoEfcOtAH/hYojy0oSxbouWvvNsHVphiHSW9x9aus2Jdg9/NRB2Gzyq5G6xl+EkjUlEWwBQjp1FOfg==

utils-merge@^1.0.1:
  version "1.0.1"
  resolved "https://registry.yarnpkg.com/utils-merge/-/utils-merge-1.0.1.tgz#9f95710f50a267947b2ccc124741c1028427e713"
  integrity sha512-pMZTvIkT1d+TFGvDOqodOclx0QWkkgi6Tdoa8gC8ffGAAqz9pzPTZWAybbsHHoED/ztMtkv/VoYTYyShUn81hA==

yocto-queue@^1.0.0:
  version "1.0.0"
  resolved "https://registry.yarnpkg.com/yocto-queue/-/yocto-queue-1.0.0.tgz#7f816433fb2cbc511ec8bf7d263c3b58a1a3c251"
  integrity sha512-9bnSc/HEW2uRy67wc+T8UwauLuPJVn28jb+GtJY16iiKWyvmYJRXVT4UamsAEGQfPohgr2q4Tq0sQbQlxTfi1g==
